# THIS IS AN AUTOGENERATED FILE. DO NOT EDIT THIS FILE DIRECTLY.
# yarn lockfile v1


daisyui@^5.0.46:
  version "5.0.46"
  resolved "https://registry.yarnpkg.com/daisyui/-/daisyui-5.0.46.tgz#e8a0645bd893db9dac5d0e48842ad9cbf5392f12"
  integrity sha512-vMDZK1tI/bOb2Mc3Mk5WpquBG3ZqBz1YKZ0xDlvpOvey60dOS4/5Qhdowq1HndbQl7PgDLDYysxAjjUjwR7/eQ==

tailwindcss@^4.1.11:
  version "4.1.11"
  resolved "https://registry.yarnpkg.com/tailwindcss/-/tailwindcss-4.1.11.tgz#799af3e98c19c5baaefafc6e0c16304a0e684854"
  integrity sha512-2E9TBm6MDD/xKYe+dvJZAmg3yxIEDNRc0jwlNyDg/4Fil2QcSLjFKGVff0lAf1jjeaArlG/M75Ey/EYr/OJtBA==
